Microsoft Visual Studio Solution File, Format Version 12.00
# Visual Studio Version 17
VisualStudioVersion = 17.0.31903.59
MinimumVisualStudioVersion = 10.0.40219.1
Project("{FAE04EC0-301F-11D3-BF4B-00C04F79EFBC}") = "ledgerflowApi.UnitTests", "tests\CleanArch.UnitTests\ledgerflowApi.UnitTests.csproj", "{A1B2C3D4-0005-0000-0000-000000000005}"
EndProject
Project("{FAE04EC0-301F-11D3-BF4B-00C04F79EFBC}") = "ledgerflowApi.IntegrationTests", "tests\CleanArch.IntegrationTests\ledgerflowApi.IntegrationTests.csproj", "{A1B2C3D4-0006-0000-0000-000000000006}"
EndProject
Project("{FAE04EC0-301F-11D3-BF4B-00C04F79EFBC}") = "ledgerflowApi.API", "src\ledgerflowApi.API\ledgerflowApi.API.csproj", "{344CD0FF-ABEE-1491-5422-0B23581BF8B8}"
EndProject
Project("{FAE04EC0-301F-11D3-BF4B-00C04F79EFBC}") = "ledgerflowApi.Application", "src\ledgerflowApi.Application\ledgerflowApi.Application.csproj", "{6AE642B8-6F56-4CA9-CCFC-511AFC5E5735}"
EndProject
Project("{FAE04EC0-301F-11D3-BF4B-00C04F79EFBC}") = "ledgerflowApi.Domain", "src\ledgerflowApi.Domain\ledgerflowApi.Domain.csproj", "{88EF3F6E-B654-2FB3-B454-7E504B3C719C}"
EndProject
Project("{FAE04EC0-301F-11D3-BF4B-00C04F79EFBC}") = "ledgerflowApi.Infrastructure", "src\ledgerflowApi.Infrastructure\ledgerflowApi.Infrastructure.csproj", "{B2E01264-BDC4-51B3-2CC9-7B8B9CEAEB1E}"
EndProject
Global
	GlobalSection(SolutionConfigurationPlatforms) = preSolution
		Debug|Any CPU = Debug|Any CPU
		Release|Any CPU = Release|Any CPU
	EndGlobalSection
	GlobalSection(ProjectConfigurationPlatforms) = postSolution
		{A1B2C3D4-0005-0000-0000-000000000005}.Debug|Any CPU.ActiveCfg = Debug|Any CPU
		{A1B2C3D4-0005-0000-0000-000000000005}.Debug|Any CPU.Build.0 = Debug|Any CPU
		{A1B2C3D4-0005-0000-0000-000000000005}.Release|Any CPU.ActiveCfg = Release|Any CPU
		{A1B2C3D4-0005-0000-0000-000000000005}.Release|Any CPU.Build.0 = Release|Any CPU
		{A1B2C3D4-0006-0000-0000-000000000006}.Debug|Any CPU.ActiveCfg = Debug|Any CPU
		{A1B2C3D4-0006-0000-0000-000000000006}.Debug|Any CPU.Build.0 = Debug|Any CPU
		{A1B2C3D4-0006-0000-0000-000000000006}.Release|Any CPU.ActiveCfg = Release|Any CPU
		{A1B2C3D4-0006-0000-0000-000000000006}.Release|Any CPU.Build.0 = Release|Any CPU
		{344CD0FF-ABEE-1491-5422-0B23581BF8B8}.Debug|Any CPU.ActiveCfg = Debug|Any CPU
		{344CD0FF-ABEE-1491-5422-0B23581BF8B8}.Debug|Any CPU.Build.0 = Debug|Any CPU
		{344CD0FF-ABEE-1491-5422-0B23581BF8B8}.Release|Any CPU.ActiveCfg = Release|Any CPU
		{344CD0FF-ABEE-1491-5422-0B23581BF8B8}.Release|Any CPU.Build.0 = Release|Any CPU
		{6AE642B8-6F56-4CA9-CCFC-511AFC5E5735}.Debug|Any CPU.ActiveCfg = Debug|Any CPU
		{6AE642B8-6F56-4CA9-CCFC-511AFC5E5735}.Debug|Any CPU.Build.0 = Debug|Any CPU
		{6AE642B8-6F56-4CA9-CCFC-511AFC5E5735}.Release|Any CPU.ActiveCfg = Release|Any CPU
		{6AE642B8-6F56-4CA9-CCFC-511AFC5E5735}.Release|Any CPU.Build.0 = Release|Any CPU
		{88EF3F6E-B654-2FB3-B454-7E504B3C719C}.Debug|Any CPU.ActiveCfg = Debug|Any CPU
		{88EF3F6E-B654-2FB3-B454-7E504B3C719C}.Debug|Any CPU.Build.0 = Debug|Any CPU
		{88EF3F6E-B654-2FB3-B454-7E504B3C719C}.Release|Any CPU.ActiveCfg = Release|Any CPU
		{88EF3F6E-B654-2FB3-B454-7E504B3C719C}.Release|Any CPU.Build.0 = Release|Any CPU
		{B2E01264-BDC4-51B3-2CC9-7B8B9CEAEB1E}.Debug|Any CPU.ActiveCfg = Debug|Any CPU
		{B2E01264-BDC4-51B3-2CC9-7B8B9CEAEB1E}.Debug|Any CPU.Build.0 = Debug|Any CPU
		{B2E01264-BDC4-51B3-2CC9-7B8B9CEAEB1E}.Release|Any CPU.ActiveCfg = Release|Any CPU
		{B2E01264-BDC4-51B3-2CC9-7B8B9CEAEB1E}.Release|Any CPU.Build.0 = Release|Any CPU
	EndGlobalSection
	GlobalSection(SolutionProperties) = preSolution
		HideSolutionNode = FALSE
	EndGlobalSection
EndGlobal
